{
  "version": 4,
  "terraform_version": "1.6.3",
  "serial": 8,
  "lineage": "88cd3796-6520-dbdc-1c23-a5a1517035a2",
  "outputs": {
    "id1": {
      "value": "aa3b3a6a-ba1c-eb12-2dd2-28b783946e43",
      "type": "string"
    },
    "id2": {
      "value": "b5d4c3ac-338b-6429-344c-6c0cbafaad13",
      "type": "string"
    },
    "id3": {
      "value": "5f1d9db0-91b5-7cb6-c90d-0a80050fc8a2",
      "type": "string"
    },
    "id4": {
      "value": "189a982d-b328-da65-7e54-2452c10d8d2b",
      "type": "string"
    },
    "id5": {
      "value": "c1fd69b3-0dac-ac7a-220f-3a4e574a4076",
      "type": "string"
    },
    "id6": {
      "value": "383c9f4e-f283-c2a1-f63c-71aa6f66385d",
      "type": "string"
    },
    "id7": {
      "value": "5f4fe3e0-e6a6-50cc-3ff6-a8f4fcbb9fd9",
      "type": "string"
    },
    "order1": {
      "value": 15647,
      "type": "number"
    },
    "order2": {
      "value": 15647,
      "type": "number"
    }
  },
  "resources": [
    {
      "mode": "managed",
      "type": "random_integer",
      "name": "order1",
      "provider": "provider[\"registry.terraform.io/hashicorp/random\"]",
      "instances": [
        {
          "schema_version": 0,
          "attributes": {
            "id": "15647",
            "keepers": null,
            "max": 99999,
            "min": 1,
            "result": 15647,
            "seed": null
          },
          "sensitive_attributes": []
        }
      ]
    },
    {
      "mode": "managed",
      "type": "random_integer",
      "name": "order2",
      "provider": "provider[\"registry.terraform.io/hashicorp/random\"]",
      "instances": [
        {
          "schema_version": 0,
          "attributes": {
            "id": "76912",
            "keepers": null,
            "max": 222222,
            "min": 1,
            "result": 76912,
            "seed": null
          },
          "sensitive_attributes": []
        }
      ]
    },
    {
      "mode": "managed",
      "type": "random_uuid",
      "name": "id1",
      "provider": "provider[\"registry.terraform.io/hashicorp/random\"]",
      "instances": [
        {
          "schema_version": 0,
          "attributes": {
            "id": "aa3b3a6a-ba1c-eb12-2dd2-28b783946e43",
            "keepers": null,
            "result": "aa3b3a6a-ba1c-eb12-2dd2-28b783946e43"
          },
          "sensitive_attributes": []
        }
      ]
    },
    {
      "mode": "managed",
      "type": "random_uuid",
      "name": "id2",
      "provider": "provider[\"registry.terraform.io/hashicorp/random\"]",
      "instances": [
        {
          "schema_version": 0,
          "attributes": {
            "id": "b5d4c3ac-338b-6429-344c-6c0cbafaad13",
            "keepers": null,
            "result": "b5d4c3ac-338b-6429-344c-6c0cbafaad13"
          },
          "sensitive_attributes": []
        }
      ]
    },
    {
      "mode": "managed",
      "type": "random_uuid",
      "name": "id3",
      "provider": "provider[\"registry.terraform.io/hashicorp/random\"]",
      "instances": [
        {
          "schema_version": 0,
          "attributes": {
            "id": "5f1d9db0-91b5-7cb6-c90d-0a80050fc8a2",
            "keepers": null,
            "result": "5f1d9db0-91b5-7cb6-c90d-0a80050fc8a2"
          },
          "sensitive_attributes": []
        }
      ]
    },
    {
      "mode": "managed",
      "type": "random_uuid",
      "name": "id4",
      "provider": "provider[\"registry.terraform.io/hashicorp/random\"]",
      "instances": [
        {
          "schema_version": 0,
          "attributes": {
            "id": "189a982d-b328-da65-7e54-2452c10d8d2b",
            "keepers": null,
            "result": "189a982d-b328-da65-7e54-2452c10d8d2b"
          },
          "sensitive_attributes": []
        }
      ]
    },
    {
      "mode": "managed",
      "type": "random_uuid",
      "name": "id5",
      "provider": "provider[\"registry.terraform.io/hashicorp/random\"]",
      "instances": [
        {
          "schema_version": 0,
          "attributes": {
            "id": "c1fd69b3-0dac-ac7a-220f-3a4e574a4076",
            "keepers": null,
            "result": "c1fd69b3-0dac-ac7a-220f-3a4e574a4076"
          },
          "sensitive_attributes": []
        }
      ]
    },
    {
      "mode": "managed",
      "type": "random_uuid",
      "name": "id6",
      "provider": "provider[\"registry.terraform.io/hashicorp/random\"]",
      "instances": [
        {
          "schema_version": 0,
          "attributes": {
            "id": "383c9f4e-f283-c2a1-f63c-71aa6f66385d",
            "keepers": null,
            "result": "383c9f4e-f283-c2a1-f63c-71aa6f66385d"
          },
          "sensitive_attributes": []
        }
      ]
    },
    {
      "mode": "managed",
      "type": "random_uuid",
      "name": "id7",
      "provider": "provider[\"registry.terraform.io/hashicorp/random\"]",
      "instances": [
        {
          "schema_version": 0,
          "attributes": {
            "id": "5f4fe3e0-e6a6-50cc-3ff6-a8f4fcbb9fd9",
            "keepers": null,
            "result": "5f4fe3e0-e6a6-50cc-3ff6-a8f4fcbb9fd9"
          },
          "sensitive_attributes": []
        }
      ]
    }
  ],
  "check_results": null
}
